
Microsoft Visual Studio Solution File, Format Version 12.00
Project("{FAE04EC0-301F-11D3-BF4B-00C04F79EFBC}") = "ConcertTicket", "ConcertTicket\ConcertTicket.csproj", "{70FC1CF2-60E0-402C-ACED-441E55258C61}"
EndProject
Project("{2150E333-8FDC-42A3-9474-1A3956D46DE8}") = "1-Common", "1-Common", "{1A4A0F23-8C91-4115-B9AF-2C34AA56A904}"
EndProject
Project("{2150E333-8FDC-42A3-9474-1A3956D46DE8}") = "2-Entities", "2-Entities", "{60A698DC-2A8F-4A25-8BDA-8F6914A18306}"
EndProject
Project("{2150E333-8FDC-42A3-9474-1A3956D46DE8}") = "3-Data", "3-Data", "{F06A3DE8-51BD-4F34-A058-905372F44598}"
EndProject
Project("{2150E333-8FDC-42A3-9474-1A3956D46DE8}") = "4-Service", "4-Service", "{55CE08EF-6B30-432C-9BF5-AC70F2540213}"
EndProject
Project("{2150E333-8FDC-42A3-9474-1A3956D46DE8}") = "5-WebFramework", "5-WebFramework", "{8B7B9BD9-C3DD-46FF-ACCD-181C975D4C8E}"
EndProject
Project("{2150E333-8FDC-42A3-9474-1A3956D46DE8}") = "6-Api", "6-Api", "{AD113E46-6B99-458E-BA0A-E62F99F2AC42}"
EndProject
Project("{FAE04EC0-301F-11D3-BF4B-00C04F79EFBC}") = "Common", "Common\Common.csproj", "{D89FBDA2-75F5-4C80-9707-0973165B6B20}"
EndProject
Project("{FAE04EC0-301F-11D3-BF4B-00C04F79EFBC}") = "Entities", "Entities\Entities.csproj", "{2BA9E9A2-CE8F-4321-A7AD-E2B89B04DC93}"
EndProject
Project("{FAE04EC0-301F-11D3-BF4B-00C04F79EFBC}") = "Data", "Data\Data.csproj", "{8E7689F7-A31B-4141-B7D3-346923EED537}"
EndProject
Project("{FAE04EC0-301F-11D3-BF4B-00C04F79EFBC}") = "Service", "Service\Service.csproj", "{687BDAFB-FA6A-4F8A-B54E-10CC6704441E}"
EndProject
Project("{FAE04EC0-301F-11D3-BF4B-00C04F79EFBC}") = "WebFramework", "WebFramework\WebFramework.csproj", "{DCB9A851-D2FE-4654-9795-5175C4F27677}"
EndProject
Global
	GlobalSection(SolutionConfigurationPlatforms) = preSolution
		Debug|Any CPU = Debug|Any CPU
		Release|Any CPU = Release|Any CPU
	EndGlobalSection
	GlobalSection(ProjectConfigurationPlatforms) = postSolution
		{70FC1CF2-60E0-402C-ACED-441E55258C61}.Debug|Any CPU.ActiveCfg = Debug|Any CPU
		{70FC1CF2-60E0-402C-ACED-441E55258C61}.Debug|Any CPU.Build.0 = Debug|Any CPU
		{70FC1CF2-60E0-402C-ACED-441E55258C61}.Release|Any CPU.ActiveCfg = Release|Any CPU
		{70FC1CF2-60E0-402C-ACED-441E55258C61}.Release|Any CPU.Build.0 = Release|Any CPU
		{D89FBDA2-75F5-4C80-9707-0973165B6B20}.Debug|Any CPU.ActiveCfg = Debug|Any CPU
		{D89FBDA2-75F5-4C80-9707-0973165B6B20}.Debug|Any CPU.Build.0 = Debug|Any CPU
		{D89FBDA2-75F5-4C80-9707-0973165B6B20}.Release|Any CPU.ActiveCfg = Release|Any CPU
		{D89FBDA2-75F5-4C80-9707-0973165B6B20}.Release|Any CPU.Build.0 = Release|Any CPU
		{2BA9E9A2-CE8F-4321-A7AD-E2B89B04DC93}.Debug|Any CPU.ActiveCfg = Debug|Any CPU
		{2BA9E9A2-CE8F-4321-A7AD-E2B89B04DC93}.Debug|Any CPU.Build.0 = Debug|Any CPU
		{2BA9E9A2-CE8F-4321-A7AD-E2B89B04DC93}.Release|Any CPU.ActiveCfg = Release|Any CPU
		{2BA9E9A2-CE8F-4321-A7AD-E2B89B04DC93}.Release|Any CPU.Build.0 = Release|Any CPU
		{8E7689F7-A31B-4141-B7D3-346923EED537}.Debug|Any CPU.ActiveCfg = Debug|Any CPU
		{8E7689F7-A31B-4141-B7D3-346923EED537}.Debug|Any CPU.Build.0 = Debug|Any CPU
		{8E7689F7-A31B-4141-B7D3-346923EED537}.Release|Any CPU.ActiveCfg = Release|Any CPU
		{8E7689F7-A31B-4141-B7D3-346923EED537}.Release|Any CPU.Build.0 = Release|Any CPU
		{687BDAFB-FA6A-4F8A-B54E-10CC6704441E}.Debug|Any CPU.ActiveCfg = Debug|Any CPU
		{687BDAFB-FA6A-4F8A-B54E-10CC6704441E}.Debug|Any CPU.Build.0 = Debug|Any CPU
		{687BDAFB-FA6A-4F8A-B54E-10CC6704441E}.Release|Any CPU.ActiveCfg = Release|Any CPU
		{687BDAFB-FA6A-4F8A-B54E-10CC6704441E}.Release|Any CPU.Build.0 = Release|Any CPU
		{DCB9A851-D2FE-4654-9795-5175C4F27677}.Debug|Any CPU.ActiveCfg = Debug|Any CPU
		{DCB9A851-D2FE-4654-9795-5175C4F27677}.Debug|Any CPU.Build.0 = Debug|Any CPU
		{DCB9A851-D2FE-4654-9795-5175C4F27677}.Release|Any CPU.ActiveCfg = Release|Any CPU
		{DCB9A851-D2FE-4654-9795-5175C4F27677}.Release|Any CPU.Build.0 = Release|Any CPU
	EndGlobalSection
	GlobalSection(NestedProjects) = preSolution
		{70FC1CF2-60E0-402C-ACED-441E55258C61} = {AD113E46-6B99-458E-BA0A-E62F99F2AC42}
		{D89FBDA2-75F5-4C80-9707-0973165B6B20} = {1A4A0F23-8C91-4115-B9AF-2C34AA56A904}
		{2BA9E9A2-CE8F-4321-A7AD-E2B89B04DC93} = {60A698DC-2A8F-4A25-8BDA-8F6914A18306}
		{8E7689F7-A31B-4141-B7D3-346923EED537} = {F06A3DE8-51BD-4F34-A058-905372F44598}
		{687BDAFB-FA6A-4F8A-B54E-10CC6704441E} = {55CE08EF-6B30-432C-9BF5-AC70F2540213}
		{DCB9A851-D2FE-4654-9795-5175C4F27677} = {8B7B9BD9-C3DD-46FF-ACCD-181C975D4C8E}
	EndGlobalSection
EndGlobal
